
Microsoft Visual Studio Solution File, Format Version 12.00
# Visual Studio Version 17
VisualStudioVersion = 17.8.34330.188
MinimumVisualStudioVersion = 10.0.40219.1
Project("{FAE04EC0-301F-11D3-BF4B-00C04F79EFBC}") = "MigrarTareas.Wasm", "MigrarTareas.Wasm\MigrarTareas.Wasm.csproj", "{6476C71E-D312-4B27-8297-874EC59E9BFB}"
EndProject
Project("{FAE04EC0-301F-11D3-BF4B-00C04F79EFBC}") = "MigrarTareas.Api", "MigrarTareas.Api\MigrarTareas.Api.csproj", "{2FFF7524-D66E-4C44-AA95-13CFF5173144}"
EndProject
Project("{FAE04EC0-301F-11D3-BF4B-00C04F79EFBC}") = "Library", "Library\Library.csproj", "{34C0523A-D8D7-4043-AAEF-9B9C297922D6}"
EndProject
Global
	GlobalSection(SolutionConfigurationPlatforms) = preSolution
		Debug|Any CPU = Debug|Any CPU
		Release|Any CPU = Release|Any CPU
	EndGlobalSection
	GlobalSection(ProjectConfigurationPlatforms) = postSolution
		{6476C71E-D312-4B27-8297-874EC59E9BFB}.Debug|Any CPU.ActiveCfg = Debug|Any CPU
		{6476C71E-D312-4B27-8297-874EC59E9BFB}.Debug|Any CPU.Build.0 = Debug|Any CPU
		{6476C71E-D312-4B27-8297-874EC59E9BFB}.Release|Any CPU.ActiveCfg = Release|Any CPU
		{6476C71E-D312-4B27-8297-874EC59E9BFB}.Release|Any CPU.Build.0 = Release|Any CPU
		{2FFF7524-D66E-4C44-AA95-13CFF5173144}.Debug|Any CPU.ActiveCfg = Debug|Any CPU
		{2FFF7524-D66E-4C44-AA95-13CFF5173144}.Debug|Any CPU.Build.0 = Debug|Any CPU
		{2FFF7524-D66E-4C44-AA95-13CFF5173144}.Release|Any CPU.ActiveCfg = Release|Any CPU
		{2FFF7524-D66E-4C44-AA95-13CFF5173144}.Release|Any CPU.Build.0 = Release|Any CPU
		{34C0523A-D8D7-4043-AAEF-9B9C297922D6}.Debug|Any CPU.ActiveCfg = Debug|Any CPU
		{34C0523A-D8D7-4043-AAEF-9B9C297922D6}.Debug|Any CPU.Build.0 = Debug|Any CPU
		{34C0523A-D8D7-4043-AAEF-9B9C297922D6}.Release|Any CPU.ActiveCfg = Release|Any CPU
		{34C0523A-D8D7-4043-AAEF-9B9C297922D6}.Release|Any CPU.Build.0 = Release|Any CPU
	EndGlobalSection
	GlobalSection(SolutionProperties) = preSolution
		HideSolutionNode = FALSE
	EndGlobalSection
	GlobalSection(ExtensibilityGlobals) = postSolution
		SolutionGuid = {C1C777A8-C722-4E49-85C7-F5828A371F9E}
	EndGlobalSection
EndGlobal
